// !$*UTF8*$!
{
	archiveVersion = 1;
	classes = {
	};
	objectVersion = 55;
	objects = {

/* Begin PBXBuildFile section */
		A610BC242885910B009CBA57 /* Create_TextEditorApp.swift in Sources */ = {isa = PBXBuildFile; fileRef = A610BC232885910B009CBA57 /* Create_TextEditorApp.swift */; };
		A610BC262885910B009CBA57 /* ContentView.swift in Sources */ = {isa = PBXBuildFile; fileRef = A610BC252885910B009CBA57 /* ContentView.swift */; };
		A610BC282885910C009CBA57 /* Assets.xcassets in Resources */ = {isa = PBXBuildFile; fileRef = A610BC272885910C009CBA57 /* Assets.xcassets */; };
		A610BC2B2885910C009CBA57 /* Preview Assets.xcassets in Resources */ = {isa = PBXBuildFile; fileRef = A610BC2A2885910C009CBA57 /* Preview Assets.xcassets */; };
		A610BC2D2885910C009CBA57 /* Persistence.swift in Sources */ = {isa = PBXBuildFile; fileRef = A610BC2C2885910C009CBA57 /* Persistence.swift */; };
		A610BC302885910C009CBA57 /* Create_TextEditor.xcdatamodeld in Sources */ = {isa = PBXBuildFile; fileRef = A610BC2E2885910C009CBA57 /* Create_TextEditor.xcdatamodeld */; };
		A610BC3A2885910C009CBA57 /* Create_TextEditorTests.swift in Sources */ = {isa = PBXBuildFile; fileRef = A610BC392885910C009CBA57 /* Create_TextEditorTests.swift */; };
		A610BC442885910C009CBA57 /* Create_TextEditorUITests.swift in Sources */ = {isa = PBXBuildFile; fileRef = A610BC432885910C009CBA57 /* Create_TextEditorUITests.swift */; };
		A610BC462885910C009CBA57 /* Create_TextEditorUITestsLaunchTests.swift in Sources */ = {isa = PBXBuildFile; fileRef = A610BC452885910C009CBA57 /* Create_TextEditorUITestsLaunchTests.swift */; };
		A610BC54288592FB009CBA57 /* Memo+CoreDataClass.swift in Sources */ = {isa = PBXBuildFile; fileRef = A610BC52288592FB009CBA57 /* Memo+CoreDataClass.swift */; };
		A610BC55288592FB009CBA57 /* Memo+CoreDataProperties.swift in Sources */ = {isa = PBXBuildFile; fileRef = A610BC53288592FB009CBA57 /* Memo+CoreDataProperties.swift */; };
		A610BC572885962D009CBA57 /* AddMemoView.swift in Sources */ = {isa = PBXBuildFile; fileRef = A610BC562885962D009CBA57 /* AddMemoView.swift */; };
		A610BC59288596D1009CBA57 /* EditMemoView.swift in Sources */ = {isa = PBXBuildFile; fileRef = A610BC58288596D1009CBA57 /* EditMemoView.swift */; };
/* End PBXBuildFile section */

/* Begin PBXContainerItemProxy section */
		A610BC362885910C009CBA57 /* PBXContainerItemProxy */ = {
			isa = PBXContainerItemProxy;
			containerPortal = A610BC182885910B009CBA57 /* Project object */;
			proxyType = 1;
			remoteGlobalIDString = A610BC1F2885910B009CBA57;
			remoteInfo = Create_TextEditor;
		};
		A610BC402885910C009CBA57 /* PBXContainerItemProxy */ = {
			isa = PBXContainerItemProxy;
			containerPortal = A610BC182885910B009CBA57 /* Project object */;
			proxyType = 1;
			remoteGlobalIDString = A610BC1F2885910B009CBA57;
			remoteInfo = Create_TextEditor;
		};
/* End PBXContainerItemProxy section */

/* Begin PBXFileReference section */
		A610BC202885910B009CBA57 /* Create_TextEditor.app */ = {isa = PBXFileReference; explicitFileType = wrapper.application; includeInIndex = 0; path = Create_TextEditor.app; sourceTree = BUILT_PRODUCTS_DIR; };
		A610BC232885910B009CBA57 /* Create_TextEditorApp.swift */ = {isa = PBXFileReference; lastKnownFileType = sourcecode.swift; path = Create_TextEditorApp.swift; sourceTree = "<group>"; };
		A610BC252885910B009CBA57 /* ContentView.swift */ = {isa = PBXFileReference; lastKnownFileType = sourcecode.swift; path = ContentView.swift; sourceTree = "<group>"; };
		A610BC272885910C009CBA57 /* Assets.xcassets */ = {isa = PBXFileReference; lastKnownFileType = folder.assetcatalog; path = Assets.xcassets; sourceTree = "<group>"; };
		A610BC2A2885910C009CBA57 /* Preview Assets.xcassets */ = {isa = PBXFileReference; lastKnownFileType = folder.assetcatalog; path = "Preview Assets.xcassets"; sourceTree = "<group>"; };
		A610BC2C2885910C009CBA57 /* Persistence.swift */ = {isa = PBXFileReference; lastKnownFileType = sourcecode.swift; path = Persistence.swift; sourceTree = "<group>"; };
		A610BC2F2885910C009CBA57 /* Create_TextEditor.xcdatamodel */ = {isa = PBXFileReference; lastKnownFileType = wrapper.xcdatamodel; path = Create_TextEditor.xcdatamodel; sourceTree = "<group>"; };
		A610BC352885910C009CBA57 /* Create_TextEditorTests.xctest */ = {isa = PBXFileReference; explicitFileType = wrapper.cfbundle; includeInIndex = 0; path = Create_TextEditorTests.xctest; sourceTree = BUILT_PRODUCTS_DIR; };
		A610BC392885910C009CBA57 /* Create_TextEditorTests.swift */ = {isa = PBXFileReference; lastKnownFileType = sourcecode.swift; path = Create_TextEditorTests.swift; sourceTree = "<group>"; };
		A610BC3F2885910C009CBA57 /* Create_TextEditorUITests.xctest */ = {isa = PBXFileReference; explicitFileType = wrapper.cfbundle; includeInIndex = 0; path = Create_TextEditorUITests.xctest; sourceTree = BUILT_PRODUCTS_DIR; };
		A610BC432885910C009CBA57 /* Create_TextEditorUITests.swift */ = {isa = PBXFileReference; lastKnownFileType = sourcecode.swift; path = Create_TextEditorUITests.swift; sourceTree = "<group>"; };
		A610BC452885910C009CBA57 /* Create_TextEditorUITestsLaunchTests.swift */ = {isa = PBXFileReference; lastKnownFileType = sourcecode.swift; path = Create_TextEditorUITestsLaunchTests.swift; sourceTree = "<group>"; };
		A610BC52288592FB009CBA57 /* Memo+CoreDataClass.swift */ = {isa = PBXFileReference; lastKnownFileType = sourcecode.swift; path = "Memo+CoreDataClass.swift"; sourceTree = "<group>"; };
		A610BC53288592FB009CBA57 /* Memo+CoreDataProperties.swift */ = {isa = PBXFileReference; lastKnownFileType = sourcecode.swift; path = "Memo+CoreDataProperties.swift"; sourceTree = "<group>"; };
		A610BC562885962D009CBA57 /* AddMemoView.swift */ = {isa = PBXFileReference; lastKnownFileType = sourcecode.swift; path = AddMemoView.swift; sourceTree = "<group>"; };
		A610BC58288596D1009CBA57 /* EditMemoView.swift */ = {isa = PBXFileReference; lastKnownFileType = sourcecode.swift; path = EditMemoView.swift; sourceTree = "<group>"; };
/* End PBXFileReference section */

/* Begin PBXFrameworksBuildPhase section */
		A610BC1D2885910B009CBA57 /* Frameworks */ = {
			isa = PBXFrameworksBuildPhase;
			buildActionMask = 2147483647;
			files = (
			);
			runOnlyForDeploymentPostprocessing = 0;
		};
		A610BC322885910C009CBA57 /* Frameworks */ = {
			isa = PBXFrameworksBuildPhase;
			buildActionMask = 2147483647;
			files = (
			);
			runOnlyForDeploymentPostprocessing = 0;
		};
		A610BC3C2885910C009CBA57 /* Frameworks */ = {
			isa = PBXFrameworksBuildPhase;
			buildActionMask = 2147483647;
			files = (
			);
			runOnlyForDeploymentPostprocessing = 0;
		};
/* End PBXFrameworksBuildPhase section */

/* Begin PBXGroup section */
		A610BC172885910B009CBA57 = {
			isa = PBXGroup;
			children = (
				A610BC232885910B009CBA57 /* Create_TextEditorApp.swift */,
				A610BC2E2885910C009CBA57 /* Create_TextEditor.xcdatamodeld */,
				A610BC52288592FB009CBA57 /* Memo+CoreDataClass.swift */,
				A610BC53288592FB009CBA57 /* Memo+CoreDataProperties.swift */,
				A610BC222885910B009CBA57 /* Create_TextEditor */,
				A610BC382885910C009CBA57 /* Create_TextEditorTests */,
				A610BC422885910C009CBA57 /* Create_TextEditorUITests */,
				A610BC212885910B009CBA57 /* Products */,
			);
			sourceTree = "<group>";
		};
		A610BC212885910B009CBA57 /* Products */ = {
			isa = PBXGroup;
			children = (
				A610BC202885910B009CBA57 /* Create_TextEditor.app */,
				A610BC352885910C009CBA57 /* Create_TextEditorTests.xctest */,
				A610BC3F2885910C009CBA57 /* Create_TextEditorUITests.xctest */,
			);
			name = Products;
			sourceTree = "<group>";
		};
		A610BC222885910B009CBA57 /* Create_TextEditor */ = {
			isa = PBXGroup;
			children = (
				A610BC252885910B009CBA57 /* ContentView.swift */,
				A610BC562885962D009CBA57 /* AddMemoView.swift */,
				A610BC58288596D1009CBA57 /* EditMemoView.swift */,
				A610BC2C2885910C009CBA57 /* Persistence.swift */,
				A610BC292885910C009CBA57 /* Preview Content */,
			);
			path = Create_TextEditor;
			sourceTree = "<group>";
		};
		A610BC292885910C009CBA57 /* Preview Content */ = {
			isa = PBXGroup;
			children = (
				A610BC2A2885910C009CBA57 /* Preview Assets.xcassets */,
				A610BC272885910C009CBA57 /* Assets.xcassets */,
			);
			path = "Preview Content";
			sourceTree = "<group>";
		};
		A610BC382885910C009CBA57 /* Create_TextEditorTests */ = {
			isa = PBXGroup;
			children = (
				A610BC392885910C009CBA57 /* Create_TextEditorTests.swift */,
			);
			path = Create_TextEditorTests;
			sourceTree = "<group>";
		};
		A610BC422885910C009CBA57 /* Create_TextEditorUITests */ = {
			isa = PBXGroup;
			children = (
				A610BC432885910C009CBA57 /* Create_TextEditorUITests.swift */,
				A610BC452885910C009CBA57 /* Create_TextEditorUITestsLaunchTests.swift */,
			);
			path = Create_TextEditorUITests;
			sourceTree = "<group>";
		};
/* End PBXGroup section */

/* Begin PBXNativeTarget section */
		A610BC1F2885910B009CBA57 /* Create_TextEditor */ = {
			isa = PBXNativeTarget;
			buildConfigurationList = A610BC492885910C009CBA57 /* Build configuration list for PBXNativeTarget "Create_TextEditor" */;
			buildPhases = (
				A610BC1C2885910B009CBA57 /* Sources */,
				A610BC1D2885910B009CBA57 /* Frameworks */,
				A610BC1E2885910B009CBA57 /* Resources */,
			);
			buildRules = (
			);
			dependencies = (
			);
			name = Create_TextEditor;
			productName = Create_TextEditor;
			productReference = A610BC202885910B009CBA57 /* Create_TextEditor.app */;
			productType = "com.apple.product-type.application";
		};
		A610BC342885910C009CBA57 /* Create_TextEditorTests */ = {
			isa = PBXNativeTarget;
			buildConfigurationList = A610BC4C2885910C009CBA57 /* Build configuration list for PBXNativeTarget "Create_TextEditorTests" */;
			buildPhases = (
				A610BC312885910C009CBA57 /* Sources */,
				A610BC322885910C009CBA57 /* Frameworks */,
				A610BC332885910C009CBA57 /* Resources */,
			);
			buildRules = (
			);
			dependencies = (
				A610BC372885910C009CBA57 /* PBXTargetDependency */,
			);
			name = Create_TextEditorTests;
			productName = Create_TextEditorTests;
			productReference = A610BC352885910C009CBA57 /* Create_TextEditorTests.xctest */;
			productType = "com.apple.product-type.bundle.unit-test";
		};
		A610BC3E2885910C009CBA57 /* Create_TextEditorUITests */ = {
			isa = PBXNativeTarget;
			buildConfigurationList = A610BC4F2885910C009CBA57 /* Build configuration list for PBXNativeTarget "Create_TextEditorUITests" */;
			buildPhases = (
				A610BC3B2885910C009CBA57 /* Sources */,
				A610BC3C2885910C009CBA57 /* Frameworks */,
				A610BC3D2885910C009CBA57 /* Resources */,
			);
			buildRules = (
			);
			dependencies = (
				A610BC412885910C009CBA57 /* PBXTargetDependency */,
			);
			name = Create_TextEditorUITests;
			productName = Create_TextEditorUITests;
			productReference = A610BC3F2885910C009CBA57 /* Create_TextEditorUITests.xctest */;
			productType = "com.apple.product-type.bundle.ui-testing";
		};
/* End PBXNativeTarget section */

/* Begin PBXProject section */
		A610BC182885910B009CBA57 /* Project object */ = {
			isa = PBXProject;
			attributes = {
				BuildIndependentTargetsInParallel = 1;
				LastSwiftUpdateCheck = 1340;
				LastUpgradeCheck = 1340;
				TargetAttributes = {
					A610BC1F2885910B009CBA57 = {
						CreatedOnToolsVersion = 13.4.1;
					};
					A610BC342885910C009CBA57 = {
						CreatedOnToolsVersion = 13.4.1;
						TestTargetID = A610BC1F2885910B009CBA57;
					};
					A610BC3E2885910C009CBA57 = {
						CreatedOnToolsVersion = 13.4.1;
						TestTargetID = A610BC1F2885910B009CBA57;
					};
				};
			};
			buildConfigurationList = A610BC1B2885910B009CBA57 /* Build configuration list for PBXProject "Create_TextEditor" */;
			compatibilityVersion = "Xcode 13.0";
			developmentRegion = en;
			hasScannedForEncodings = 0;
			knownRegions = (
				en,
				Base,
			);
			mainGroup = A610BC172885910B009CBA57;
			productRefGroup = A610BC212885910B009CBA57 /* Products */;
			projectDirPath = "";
			projectRoot = "";
			targets = (
				A610BC1F2885910B009CBA57 /* Create_TextEditor */,
				A610BC342885910C009CBA57 /* Create_TextEditorTests */,
				A610BC3E2885910C009CBA57 /* Create_TextEditorUITests */,
			);
		};
/* End PBXProject section */

/* Begin PBXResourcesBuildPhase section */
		A610BC1E2885910B009CBA57 /* Resources */ = {
			isa = PBXResourcesBuildPhase;
			buildActionMask = 2147483647;
			files = (
				A610BC2B2885910C009CBA57 /* Preview Assets.xcassets in Resources */,
				A610BC282885910C009CBA57 /* Assets.xcassets in Resources */,
			);
			runOnlyForDeploymentPostprocessing = 0;
		};
		A610BC332885910C009CBA57 /* Resources */ = {
			isa = PBXResourcesBuildPhase;
			buildActionMask = 2147483647;
			files = (
			);
			runOnlyForDeploymentPostprocessing = 0;
		};
		A610BC3D2885910C009CBA57 /* Resources */ = {
			isa = PBXResourcesBuildPhase;
			buildActionMask = 2147483647;
			files = (
			);
			runOnlyForDeploymentPostprocessing = 0;
		};
/* End PBXResourcesBuildPhase section */

/* Begin PBXSourcesBuildPhase section */
		A610BC1C2885910B009CBA57 /* Sources */ = {
			isa = PBXSourcesBuildPhase;
			buildActionMask = 2147483647;
			files = (
				A610BC572885962D009CBA57 /* AddMemoView.swift in Sources */,
				A610BC54288592FB009CBA57 /* Memo+CoreDataClass.swift in Sources */,
				A610BC2D2885910C009CBA57 /* Persistence.swift in Sources */,
				A610BC302885910C009CBA57 /* Create_TextEditor.xcdatamodeld in Sources */,
				A610BC59288596D1009CBA57 /* EditMemoView.swift in Sources */,
				A610BC55288592FB009CBA57 /* Memo+CoreDataProperties.swift in Sources */,
				A610BC262885910B009CBA57 /* ContentView.swift in Sources */,
				A610BC242885910B009CBA57 /* Create_TextEditorApp.swift in Sources */,
			);
			runOnlyForDeploymentPostprocessing = 0;
		};
		A610BC312885910C009CBA57 /* Sources */ = {
			isa = PBXSourcesBuildPhase;
			buildActionMask = 2147483647;
			files = (
				A610BC3A2885910C009CBA57 /* Create_TextEditorTests.swift in Sources */,
			);
			runOnlyForDeploymentPostprocessing = 0;
		};
		A610BC3B2885910C009CBA57 /* Sources */ = {
			isa = PBXSourcesBuildPhase;
			buildActionMask = 2147483647;
			files = (
				A610BC462885910C009CBA57 /* Create_TextEditorUITestsLaunchTests.swift in Sources */,
				A610BC442885910C009CBA57 /* Create_TextEditorUITests.swift in Sources */,
			);
			runOnlyForDeploymentPostprocessing = 0;
		};
/* End PBXSourcesBuildPhase section */

/* Begin PBXTargetDependency section */
		A610BC372885910C009CBA57 /* PBXTargetDependency */ = {
			isa = PBXTargetDependency;
			target = A610BC1F2885910B009CBA57 /* Create_TextEditor */;
			targetProxy = A610BC362885910C009CBA57 /* PBXContainerItemProxy */;
		};
		A610BC412885910C009CBA57 /* PBXTargetDependency */ = {
			isa = PBXTargetDependency;
			target = A610BC1F2885910B009CBA57 /* Create_TextEditor */;
			targetProxy = A610BC402885910C009CBA57 /* PBXContainerItemProxy */;
		};
/* End PBXTargetDependency section */

/* Begin XCBuildConfiguration section */
		A610BC472885910C009CBA57 /* Debug */ = {
			isa = XCBuildConfiguration;
			buildSettings = {
				ALWAYS_SEARCH_USER_PATHS = NO;
				CLANG_ANALYZER_NONNULL = YES;
				CLANG_ANALYZER_NUMBER_OBJECT_CONVERSION = YES_AGGRESSIVE;
				CLANG_CXX_LANGUAGE_STANDARD = "gnu++17";
				CLANG_ENABLE_MODULES = YES;
				CLANG_ENABLE_OBJC_ARC = YES;
				CLANG_ENABLE_OBJC_WEAK = YES;
				CLANG_WARN_BLOCK_CAPTURE_AUTORELEASING = YES;
				CLANG_WARN_BOOL_CONVERSION = YES;
				CLANG_WARN_COMMA = YES;
				CLANG_WARN_CONSTANT_CONVERSION = YES;
				CLANG_WARN_DEPRECATED_OBJC_IMPLEMENTATIONS = YES;
				CLANG_WARN_DIRECT_OBJC_ISA_USAGE = YES_ERROR;
				CLANG_WARN_DOCUMENTATION_COMMENTS = YES;
				CLANG_WARN_EMPTY_BODY = YES;
				CLANG_WARN_ENUM_CONVERSION = YES;
				CLANG_WARN_INFINITE_RECURSION = YES;
				CLANG_WARN_INT_CONVERSION = YES;
				CLANG_WARN_NON_LITERAL_NULL_CONVERSION = YES;
				CLANG_WARN_OBJC_IMPLICIT_RETAIN_SELF = YES;
				CLANG_WARN_OBJC_LITERAL_CONVERSION = YES;
				CLANG_WARN_OBJC_ROOT_CLASS = YES_ERROR;
				CLANG_WARN_QUOTED_INCLUDE_IN_FRAMEWORK_HEADER = YES;
				CLANG_WARN_RANGE_LOOP_ANALYSIS = YES;
				CLANG_WARN_STRICT_PROTOTYPES = YES;
				CLANG_WARN_SUSPICIOUS_MOVE = YES;
				CLANG_WARN_UNGUARDED_AVAILABILITY = YES_AGGRESSIVE;
				CLANG_WARN_UNREACHABLE_CODE = YES;
				CLANG_WARN__DUPLICATE_METHOD_MATCH = YES;
				COPY_PHASE_STRIP = NO;
				DEBUG_INFORMATION_FORMAT = dwarf;
				ENABLE_STRICT_OBJC_MSGSEND = YES;
				ENABLE_TESTABILITY = YES;
				GCC_C_LANGUAGE_STANDARD = gnu11;
				GCC_DYNAMIC_NO_PIC = NO;
				GCC_NO_COMMON_BLOCKS = YES;
				GCC_OPTIMIZATION_LEVEL = 0;
				GCC_PREPROCESSOR_DEFINITIONS = (
					"DEBUG=1",
					"$(inherited)",
				);
				GCC_WARN_64_TO_32_BIT_CONVERSION = YES;
				GCC_WARN_ABOUT_RETURN_TYPE = YES_ERROR;
				GCC_WARN_UNDECLARED_SELECTOR = YES;
				GCC_WARN_UNINITIALIZED_AUTOS = YES_AGGRESSIVE;
				GCC_WARN_UNUSED_FUNCTION = YES;
				GCC_WARN_UNUSED_VARIABLE = YES;
				IPHONEOS_DEPLOYMENT_TARGET = 15.5;
				MTL_ENABLE_DEBUG_INFO = INCLUDE_SOURCE;
				MTL_FAST_MATH = YES;
				ONLY_ACTIVE_ARCH = YES;
				SDKROOT = iphoneos;
				SWIFT_ACTIVE_COMPILATION_CONDITIONS = DEBUG;
				SWIFT_OPTIMIZATION_LEVEL = "-Onone";
			};
			name = Debug;
		};
		A610BC482885910C009CBA57 /* Release */ = {
			isa = XCBuildConfiguration;
			buildSettings = {
				ALWAYS_SEARCH_USER_PATHS = NO;
				CLANG_ANALYZER_NONNULL = YES;
				CLANG_ANALYZER_NUMBER_OBJECT_CONVERSION = YES_AGGRESSIVE;
				CLANG_CXX_LANGUAGE_STANDARD = "gnu++17";
				CLANG_ENABLE_MODULES = YES;
				CLANG_ENABLE_OBJC_ARC = YES;
				CLANG_ENABLE_OBJC_WEAK = YES;
				CLANG_WARN_BLOCK_CAPTURE_AUTORELEASING = YES;
				CLANG_WARN_BOOL_CONVERSION = YES;
				CLANG_WARN_COMMA = YES;
				CLANG_WARN_CONSTANT_CONVERSION = YES;
				CLANG_WARN_DEPRECATED_OBJC_IMPLEMENTATIONS = YES;
				CLANG_WARN_DIRECT_OBJC_ISA_USAGE = YES_ERROR;
				CLANG_WARN_DOCUMENTATION_COMMENTS = YES;
				CLANG_WARN_EMPTY_BODY = YES;
				CLANG_WARN_ENUM_CONVERSION = YES;
				CLANG_WARN_INFINITE_RECURSION = YES;
				CLANG_WARN_INT_CONVERSION = YES;
				CLANG_WARN_NON_LITERAL_NULL_CONVERSION = YES;
				CLANG_WARN_OBJC_IMPLICIT_RETAIN_SELF = YES;
				CLANG_WARN_OBJC_LITERAL_CONVERSION = YES;
				CLANG_WARN_OBJC_ROOT_CLASS = YES_ERROR;
				CLANG_WARN_QUOTED_INCLUDE_IN_FRAMEWORK_HEADER = YES;
				CLANG_WARN_RANGE_LOOP_ANALYSIS = YES;
				CLANG_WARN_STRICT_PROTOTYPES = YES;
				CLANG_WARN_SUSPICIOUS_MOVE = YES;
				CLANG_WARN_UNGUARDED_AVAILABILITY = YES_AGGRESSIVE;
				CLANG_WARN_UNREACHABLE_CODE = YES;
				CLANG_WARN__DUPLICATE_METHOD_MATCH = YES;
				COPY_PHASE_STRIP = NO;
				DEBUG_INFORMATION_FORMAT = "dwarf-with-dsym";
				ENABLE_NS_ASSERTIONS = NO;
				ENABLE_STRICT_OBJC_MSGSEND = YES;
				GCC_C_LANGUAGE_STANDARD = gnu11;
				GCC_NO_COMMON_BLOCKS = YES;
				GCC_WARN_64_TO_32_BIT_CONVERSION = YES;
				GCC_WARN_ABOUT_RETURN_TYPE = YES_ERROR;
				GCC_WARN_UNDECLARED_SELECTOR = YES;
				GCC_WARN_UNINITIALIZED_AUTOS = YES_AGGRESSIVE;
				GCC_WARN_UNUSED_FUNCTION = YES;
				GCC_WARN_UNUSED_VARIABLE = YES;
				IPHONEOS_DEPLOYMENT_TARGET = 15.5;
				MTL_ENABLE_DEBUG_INFO = NO;
				MTL_FAST_MATH = YES;
				SDKROOT = iphoneos;
				SWIFT_COMPILATION_MODE = wholemodule;
				SWIFT_OPTIMIZATION_LEVEL = "-O";
				VALIDATE_PRODUCT = YES;
			};
			name = Release;
		};
		A610BC4A2885910C009CBA57 /* Debug */ = {
			isa = XCBuildConfiguration;
			buildSettings = {
				ASSETCATALOG_COMPILER_APPICON_NAME = AppIcon;
				ASSETCATALOG_COMPILER_GLOBAL_ACCENT_COLOR_NAME = AccentColor;
				CODE_SIGN_STYLE = Automatic;
				CURRENT_PROJECT_VERSION = 1;
				DEVELOPMENT_ASSET_PATHS = "\"Create_TextEditor/Preview Content\"";
				DEVELOPMENT_TEAM = CZ6NNMRLBD;
				ENABLE_PREVIEWS = YES;
				GENERATE_INFOPLIST_FILE = YES;
				INFOPLIST_KEY_UIApplicationSceneManifest_Generation = YES;
				INFOPLIST_KEY_UIApplicationSupportsIndirectInputEvents = YES;
				INFOPLIST_KEY_UILaunchScreen_Generation = YES;
				INFOPLIST_KEY_UISupportedInterfaceOrientations_iPad = "UIInterfaceOrientationPortrait UIInterfaceOrientationPortraitUpsideDown UIInterfaceOrientationLandscapeLeft UIInterfaceOrientationLandscapeRight";
				INFOPLIST_KEY_UISupportedInterfaceOrientations_iPhone = "UIInterfaceOrientationPortrait UIInterfaceOrientationLandscapeLeft UIInterfaceOrientationLandscapeRight";
				LD_RUNPATH_SEARCH_PATHS = (
					"$(inherited)",
					"@executable_path/Frameworks",
				);
				MARKETING_VERSION = 1.0;
				PRODUCT_BUNDLE_IDENTIFIER = "com.ryosuke.Create-TextEditor";
				PRODUCT_NAME = "$(TARGET_NAME)";
				SWIFT_EMIT_LOC_STRINGS = YES;
				SWIFT_VERSION = 5.0;
				TARGETED_DEVICE_FAMILY = "1,2";
			};
			name = Debug;
		};
		A610BC4B2885910C009CBA57 /* Release */ = {
			isa = XCBuildConfiguration;
			buildSettings = {
				ASSETCATALOG_COMPILER_APPICON_NAME = AppIcon;
				ASSETCATALOG_COMPILER_GLOBAL_ACCENT_COLOR_NAME = AccentColor;
				CODE_SIGN_STYLE = Automatic;
				CURRENT_PROJECT_VERSION = 1;
				DEVELOPMENT_ASSET_PATHS = "\"Create_TextEditor/Preview Content\"";
				DEVELOPMENT_TEAM = CZ6NNMRLBD;
				ENABLE_PREVIEWS = YES;
				GENERATE_INFOPLIST_FILE = YES;
				INFOPLIST_KEY_UIApplicationSceneManifest_Generation = YES;
				INFOPLIST_KEY_UIApplicationSupportsIndirectInputEvents = YES;
				INFOPLIST_KEY_UILaunchScreen_Generation = YES;
				INFOPLIST_KEY_UISupportedInterfaceOrientations_iPad = "UIInterfaceOrientationPortrait UIInterfaceOrientationPortraitUpsideDown UIInterfaceOrientationLandscapeLeft UIInterfaceOrientationLandscapeRight";
				INFOPLIST_KEY_UISupportedInterfaceOrientations_iPhone = "UIInterfaceOrientationPortrait UIInterfaceOrientationLandscapeLeft UIInterfaceOrientationLandscapeRight";
				LD_RUNPATH_SEARCH_PATHS = (
					"$(inherited)",
					"@executable_path/Frameworks",
				);
				MARKETING_VERSION = 1.0;
				PRODUCT_BUNDLE_IDENTIFIER = "com.ryosuke.Create-TextEditor";
				PRODUCT_NAME = "$(TARGET_NAME)";
				SWIFT_EMIT_LOC_STRINGS = YES;
				SWIFT_VERSION = 5.0;
				TARGETED_DEVICE_FAMILY = "1,2";
			};
			name = Release;
		};
		A610BC4D2885910C009CBA57 /* Debug */ = {
			isa = XCBuildConfiguration;
			buildSettings = {
				ALWAYS_EMBED_SWIFT_STANDARD_LIBRARIES = YES;
				BUNDLE_LOADER = "$(TEST_HOST)";
				CODE_SIGN_STYLE = Automatic;
				CURRENT_PROJECT_VERSION = 1;
				DEVELOPMENT_TEAM = CZ6NNMRLBD;
				GENERATE_INFOPLIST_FILE = YES;
				IPHONEOS_DEPLOYMENT_TARGET = 15.5;
				MARKETING_VERSION = 1.0;
				PRODUCT_BUNDLE_IDENTIFIER = "com.ryosuke.Create-TextEditorTests";
				PRODUCT_NAME = "$(TARGET_NAME)";
				SWIFT_EMIT_LOC_STRINGS = NO;
				SWIFT_VERSION = 5.0;
				TARGETED_DEVICE_FAMILY = "1,2";
				TEST_HOST = "$(BUILT_PRODUCTS_DIR)/Create_TextEditor.app/Create_TextEditor";
			};
			name = Debug;
		};
		A610BC4E2885910C009CBA57 /* Release */ = {
			isa = XCBuildConfiguration;
			buildSettings = {
				ALWAYS_EMBED_SWIFT_STANDARD_LIBRARIES = YES;
				BUNDLE_LOADER = "$(TEST_HOST)";
				CODE_SIGN_STYLE = Automatic;
				CURRENT_PROJECT_VERSION = 1;
				DEVELOPMENT_TEAM = CZ6NNMRLBD;
				GENERATE_INFOPLIST_FILE = YES;
				IPHONEOS_DEPLOYMENT_TARGET = 15.5;
				MARKETING_VERSION = 1.0;
				PRODUCT_BUNDLE_IDENTIFIER = "com.ryosuke.Create-TextEditorTests";
				PRODUCT_NAME = "$(TARGET_NAME)";
				SWIFT_EMIT_LOC_STRINGS = NO;
				SWIFT_VERSION = 5.0;
				TARGETED_DEVICE_FAMILY = "1,2";
				TEST_HOST = "$(BUILT_PRODUCTS_DIR)/Create_TextEditor.app/Create_TextEditor";
			};
			name = Release;
		};
		A610BC502885910C009CBA57 /* Debug */ = {
			isa = XCBuildConfiguration;
			buildSettings = {
				ALWAYS_EMBED_SWIFT_STANDARD_LIBRARIES = YES;
				CODE_SIGN_STYLE = Automatic;
				CURRENT_PROJECT_VERSION = 1;
				DEVELOPMENT_TEAM = CZ6NNMRLBD;
				GENERATE_INFOPLIST_FILE = YES;
				MARKETING_VERSION = 1.0;
				PRODUCT_BUNDLE_IDENTIFIER = "com.ryosuke.Create-TextEditorUITests";
				PRODUCT_NAME = "$(TARGET_NAME)";
				SWIFT_EMIT_LOC_STRINGS = NO;
				SWIFT_VERSION = 5.0;
				TARGETED_DEVICE_FAMILY = "1,2";
				TEST_TARGET_NAME = Create_TextEditor;
			};
			name = Debug;
		};
		A610BC512885910C009CBA57 /* Release */ = {
			isa = XCBuildConfiguration;
			buildSettings = {
				ALWAYS_EMBED_SWIFT_STANDARD_LIBRARIES = YES;
				CODE_SIGN_STYLE = Automatic;
				CURRENT_PROJECT_VERSION = 1;
				DEVELOPMENT_TEAM = CZ6NNMRLBD;
				GENERATE_INFOPLIST_FILE = YES;
				MARKETING_VERSION = 1.0;
				PRODUCT_BUNDLE_IDENTIFIER = "com.ryosuke.Create-TextEditorUITests";
				PRODUCT_NAME = "$(TARGET_NAME)";
				SWIFT_EMIT_LOC_STRINGS = NO;
				SWIFT_VERSION = 5.0;
				TARGETED_DEVICE_FAMILY = "1,2";
				TEST_TARGET_NAME = Create_TextEditor;
			};
			name = Release;
		};
/* End XCBuildConfiguration section */

/* Begin XCConfigurationList section */
		A610BC1B2885910B009CBA57 /* Build configuration list for PBXProject "Create_TextEditor" */ = {
			isa = XCConfigurationList;
			buildConfigurations = (
				A610BC472885910C009CBA57 /* Debug */,
				A610BC482885910C009CBA57 /* Release */,
			);
			defaultConfigurationIsVisible = 0;
			defaultConfigurationName = Release;
		};
		A610BC492885910C009CBA57 /* Build configuration list for PBXNativeTarget "Create_TextEditor" */ = {
			isa = XCConfigurationList;
			buildConfigurations = (
				A610BC4A2885910C009CBA57 /* Debug */,
				A610BC4B2885910C009CBA57 /* Release */,
			);
			defaultConfigurationIsVisible = 0;
			defaultConfigurationName = Release;
		};
		A610BC4C2885910C009CBA57 /* Build configuration list for PBXNativeTarget "Create_TextEditorTests" */ = {
			isa = XCConfigurationList;
			buildConfigurations = (
				A610BC4D2885910C009CBA57 /* Debug */,
				A610BC4E2885910C009CBA57 /* Release */,
			);
			defaultConfigurationIsVisible = 0;
			defaultConfigurationName = Release;
		};
		A610BC4F2885910C009CBA57 /* Build configuration list for PBXNativeTarget "Create_TextEditorUITests" */ = {
			isa = XCConfigurationList;
			buildConfigurations = (
				A610BC502885910C009CBA57 /* Debug */,
				A610BC512885910C009CBA57 /* Release */,
			);
			defaultConfigurationIsVisible = 0;
			defaultConfigurationName = Release;
		};
/* End XCConfigurationList section */

/* Begin XCVersionGroup section */
		A610BC2E2885910C009CBA57 /* Create_TextEditor.xcdatamodeld */ = {
			isa = XCVersionGroup;
			children = (
				A610BC2F2885910C009CBA57 /* Create_TextEditor.xcdatamodel */,
			);
			currentVersion = A610BC2F2885910C009CBA57 /* Create_TextEditor.xcdatamodel */;
			path = Create_TextEditor.xcdatamodeld;
			sourceTree = "<group>";
			versionGroupType = wrapper.xcdatamodel;
		};
/* End XCVersionGroup section */
	};
	rootObject = A610BC182885910B009CBA57 /* Project object */;
}
